
Microsoft Visual Studio Solution File, Format Version 12.00
# Visual Studio Version 17
VisualStudioVersion = 17.12.35209.166
MinimumVisualStudioVersion = 10.0.40219.1
Project("{FAE04EC0-301F-11D3-BF4B-00C04F79EFBC}") = "Wizardworks.Demo.API", "Wizardworks.Demo.API\Wizardworks.Demo.API.csproj", "{10CF8200-4849-4FEA-869D-50A41FA03764}"
	ProjectSection(ProjectDependencies) = postProject
		{D558DC8D-1D9C-4E1B-80CC-0DDFEA3FB1BD} = {D558DC8D-1D9C-4E1B-80CC-0DDFEA3FB1BD}
	EndProjectSection
EndProject
Project("{FAE04EC0-301F-11D3-BF4B-00C04F79EFBC}") = "Wizardworks.Demo.Core", "Wizardworks.Demo.Core\Wizardworks.Demo.Core.csproj", "{D558DC8D-1D9C-4E1B-80CC-0DDFEA3FB1BD}"
EndProject
Global
	GlobalSection(SolutionConfigurationPlatforms) = preSolution
		Debug|Any CPU = Debug|Any CPU
		Release|Any CPU = Release|Any CPU
	EndGlobalSection
	GlobalSection(ProjectConfigurationPlatforms) = postSolution
		{10CF8200-4849-4FEA-869D-50A41FA03764}.Debug|Any CPU.ActiveCfg = Debug|Any CPU
		{10CF8200-4849-4FEA-869D-50A41FA03764}.Debug|Any CPU.Build.0 = Debug|Any CPU
		{10CF8200-4849-4FEA-869D-50A41FA03764}.Release|Any CPU.ActiveCfg = Release|Any CPU
		{10CF8200-4849-4FEA-869D-50A41FA03764}.Release|Any CPU.Build.0 = Release|Any CPU
		{D558DC8D-1D9C-4E1B-80CC-0DDFEA3FB1BD}.Debug|Any CPU.ActiveCfg = Debug|Any CPU
		{D558DC8D-1D9C-4E1B-80CC-0DDFEA3FB1BD}.Debug|Any CPU.Build.0 = Debug|Any CPU
		{D558DC8D-1D9C-4E1B-80CC-0DDFEA3FB1BD}.Release|Any CPU.ActiveCfg = Release|Any CPU
		{D558DC8D-1D9C-4E1B-80CC-0DDFEA3FB1BD}.Release|Any CPU.Build.0 = Release|Any CPU
	EndGlobalSection
	GlobalSection(SolutionProperties) = preSolution
		HideSolutionNode = FALSE
	EndGlobalSection
	GlobalSection(ExtensibilityGlobals) = postSolution
		SolutionGuid = {A5DFACCD-B81C-4134-A9CD-A4608DACAE1C}
	EndGlobalSection
EndGlobal
